{
  "name": "residents",
  "version": "1.0.0",
  "lockfileVersion": 3,
  "requires": true,
  "packages": {
    "": {
      "name": "residents",
      "version": "1.0.0",
      "license": "ISC",
      "dependencies": {
        "undici": "^7.6.0"
      }
    },
    "node_modules/undici": {
      "version": "7.6.0",
      "resolved": "https://registry.npmjs.org/undici/-/undici-7.6.0.tgz",
      "integrity": "sha512-gaFsbThjrDGvAaD670r81RZro/s6H2PVZF640Qn0p5kZK+/rim7/mmyfp2W7VB5vOMaFM8vuFBJUaMlaZTYHlA==",
      "license": "MIT",
      "engines": {
        "node": ">=20.18.1"
      }
    }
  }
}
